
Microsoft Visual Studio Solution File, Format Version 12.00
# Visual Studio 15
VisualStudioVersion = 15.0.28307.572
MinimumVisualStudioVersion = 10.0.40219.1
Project("{FAE04EC0-301F-11D3-BF4B-00C04F79EFBC}") = "Array_CSharp_Learning", "Array_CSharp_Learning\Array_CSharp_Learning.csproj", "{B57A070A-800F-409F-A1B3-2BD39C152AF3}"
EndProject
Global
	GlobalSection(SolutionConfigurationPlatforms) = preSolution
		Debug|Any CPU = Debug|Any CPU
		Release|Any CPU = Release|Any CPU
	EndGlobalSection
	GlobalSection(ProjectConfigurationPlatforms) = postSolution
		{B57A070A-800F-409F-A1B3-2BD39C152AF3}.Debug|Any CPU.ActiveCfg = Debug|Any CPU
		{B57A070A-800F-409F-A1B3-2BD39C152AF3}.Debug|Any CPU.Build.0 = Debug|Any CPU
		{B57A070A-800F-409F-A1B3-2BD39C152AF3}.Release|Any CPU.ActiveCfg = Release|Any CPU
		{B57A070A-800F-409F-A1B3-2BD39C152AF3}.Release|Any CPU.Build.0 = Release|Any CPU
	EndGlobalSection
	GlobalSection(SolutionProperties) = preSolution
		HideSolutionNode = FALSE
	EndGlobalSection
	GlobalSection(ExtensibilityGlobals) = postSolution
		SolutionGuid = {5C73754B-AA03-4CEA-B2B6-2A0F97ADF0D7}
	EndGlobalSection
EndGlobal
