
Microsoft Visual Studio Solution File, Format Version 12.00
# Visual Studio 15
VisualStudioVersion = 15.0.28307.1433
MinimumVisualStudioVersion = 10.0.40219.1
Project("{FAE04EC0-301F-11D3-BF4B-00C04F79EFBC}") = "UDPServer", "UDPServer\UDPServer.csproj", "{D0EE003F-41E7-4BF1-B8BA-983CFE9676AE}"
EndProject
Project("{FAE04EC0-301F-11D3-BF4B-00C04F79EFBC}") = "UDPClient", "UDPClient\UDPClient.csproj", "{A733C13F-1C60-49EC-A2FA-9C76B819B4CC}"
EndProject
Project("{FAE04EC0-301F-11D3-BF4B-00C04F79EFBC}") = "UDPHelper", "UDPHelper\UDPHelper.csproj", "{AC74610A-EE08-4AD3-96E8-A44E35FFBAFE}"
EndProject
Global
	GlobalSection(SolutionConfigurationPlatforms) = preSolution
		Debug|Any CPU = Debug|Any CPU
		Release|Any CPU = Release|Any CPU
	EndGlobalSection
	GlobalSection(ProjectConfigurationPlatforms) = postSolution
		{D0EE003F-41E7-4BF1-B8BA-983CFE9676AE}.Debug|Any CPU.ActiveCfg = Debug|Any CPU
		{D0EE003F-41E7-4BF1-B8BA-983CFE9676AE}.Debug|Any CPU.Build.0 = Debug|Any CPU
		{D0EE003F-41E7-4BF1-B8BA-983CFE9676AE}.Release|Any CPU.ActiveCfg = Release|Any CPU
		{D0EE003F-41E7-4BF1-B8BA-983CFE9676AE}.Release|Any CPU.Build.0 = Release|Any CPU
		{A733C13F-1C60-49EC-A2FA-9C76B819B4CC}.Debug|Any CPU.ActiveCfg = Debug|Any CPU
		{A733C13F-1C60-49EC-A2FA-9C76B819B4CC}.Debug|Any CPU.Build.0 = Debug|Any CPU
		{A733C13F-1C60-49EC-A2FA-9C76B819B4CC}.Release|Any CPU.ActiveCfg = Release|Any CPU
		{A733C13F-1C60-49EC-A2FA-9C76B819B4CC}.Release|Any CPU.Build.0 = Release|Any CPU
		{AC74610A-EE08-4AD3-96E8-A44E35FFBAFE}.Debug|Any CPU.ActiveCfg = Debug|Any CPU
		{AC74610A-EE08-4AD3-96E8-A44E35FFBAFE}.Debug|Any CPU.Build.0 = Debug|Any CPU
		{AC74610A-EE08-4AD3-96E8-A44E35FFBAFE}.Release|Any CPU.ActiveCfg = Release|Any CPU
		{AC74610A-EE08-4AD3-96E8-A44E35FFBAFE}.Release|Any CPU.Build.0 = Release|Any CPU
	EndGlobalSection
	GlobalSection(SolutionProperties) = preSolution
		HideSolutionNode = FALSE
	EndGlobalSection
	GlobalSection(ExtensibilityGlobals) = postSolution
		SolutionGuid = {EE1B5521-D545-4721-AF38-B21A38460103}
	EndGlobalSection
EndGlobal
