
Microsoft Visual Studio Solution File, Format Version 12.00
# Visual Studio 15
VisualStudioVersion = 15.0.28307.572
MinimumVisualStudioVersion = 10.0.40219.1
Project("{FAE04EC0-301F-11D3-BF4B-00C04F79EFBC}") = "Hashtable_CSharp", "Hashtable_CSharp\Hashtable_CSharp.csproj", "{B04E36A9-6FB5-4B6C-9F96-C1A537EB114B}"
EndProject
Global
	GlobalSection(SolutionConfigurationPlatforms) = preSolution
		Debug|Any CPU = Debug|Any CPU
		Release|Any CPU = Release|Any CPU
	EndGlobalSection
	GlobalSection(ProjectConfigurationPlatforms) = postSolution
		{B04E36A9-6FB5-4B6C-9F96-C1A537EB114B}.Debug|Any CPU.ActiveCfg = Debug|Any CPU
		{B04E36A9-6FB5-4B6C-9F96-C1A537EB114B}.Debug|Any CPU.Build.0 = Debug|Any CPU
		{B04E36A9-6FB5-4B6C-9F96-C1A537EB114B}.Release|Any CPU.ActiveCfg = Release|Any CPU
		{B04E36A9-6FB5-4B6C-9F96-C1A537EB114B}.Release|Any CPU.Build.0 = Release|Any CPU
	EndGlobalSection
	GlobalSection(SolutionProperties) = preSolution
		HideSolutionNode = FALSE
	EndGlobalSection
	GlobalSection(ExtensibilityGlobals) = postSolution
		SolutionGuid = {9D131C61-7456-46F7-88CD-47A9C69E5E2F}
	EndGlobalSection
EndGlobal
