
Microsoft Visual Studio Solution File, Format Version 12.00
# Visual Studio 15
VisualStudioVersion = 15.0.28307.1321
MinimumVisualStudioVersion = 10.0.40219.1
Project("{FAE04EC0-301F-11D3-BF4B-00C04F79EFBC}") = "JsonLibs_Test_1", "JsonLibs_Test_1\JsonLibs_Test_1.csproj", "{E4473010-9EED-407C-B6B3-A0B3BDCD258C}"
EndProject
Global
	GlobalSection(SolutionConfigurationPlatforms) = preSolution
		Debug|Any CPU = Debug|Any CPU
		Release|Any CPU = Release|Any CPU
	EndGlobalSection
	GlobalSection(ProjectConfigurationPlatforms) = postSolution
		{E4473010-9EED-407C-B6B3-A0B3BDCD258C}.Debug|Any CPU.ActiveCfg = Debug|Any CPU
		{E4473010-9EED-407C-B6B3-A0B3BDCD258C}.Debug|Any CPU.Build.0 = Debug|Any CPU
		{E4473010-9EED-407C-B6B3-A0B3BDCD258C}.Release|Any CPU.ActiveCfg = Release|Any CPU
		{E4473010-9EED-407C-B6B3-A0B3BDCD258C}.Release|Any CPU.Build.0 = Release|Any CPU
	EndGlobalSection
	GlobalSection(SolutionProperties) = preSolution
		HideSolutionNode = FALSE
	EndGlobalSection
	GlobalSection(ExtensibilityGlobals) = postSolution
		SolutionGuid = {8361AC4D-849D-44CC-937D-14517722A324}
	EndGlobalSection
EndGlobal
